
Microsoft Visual Studio Solution File, Format Version 12.00
# Visual Studio Version 17
VisualStudioVersion = 17.6.33723.286
MinimumVisualStudioVersion = 10.0.40219.1
Project("{9A19103F-16F7-4668-BE54-9A1E7A4F7556}") = "Komprese", "Komprese.csproj", "{3A36833D-9E35-4B7B-BBDA-F782FD7BDDA3}"
EndProject
Project("{FAE04EC0-301F-11D3-BF4B-00C04F79EFBC}") = "UnitTesting", "..\UnitTesting\UnitTesting.csproj", "{A5697910-84C3-4D9D-97A2-CC2E41075880}"
EndProject
Global
	GlobalSection(SolutionConfigurationPlatforms) = preSolution
		Debug|Any CPU = Debug|Any CPU
		Release|Any CPU = Release|Any CPU
	EndGlobalSection
	GlobalSection(ProjectConfigurationPlatforms) = postSolution
		{3A36833D-9E35-4B7B-BBDA-F782FD7BDDA3}.Debug|Any CPU.ActiveCfg = Debug|Any CPU
		{3A36833D-9E35-4B7B-BBDA-F782FD7BDDA3}.Debug|Any CPU.Build.0 = Debug|Any CPU
		{3A36833D-9E35-4B7B-BBDA-F782FD7BDDA3}.Release|Any CPU.ActiveCfg = Release|Any CPU
		{3A36833D-9E35-4B7B-BBDA-F782FD7BDDA3}.Release|Any CPU.Build.0 = Release|Any CPU
		{A5697910-84C3-4D9D-97A2-CC2E41075880}.Debug|Any CPU.ActiveCfg = Debug|Any CPU
		{A5697910-84C3-4D9D-97A2-CC2E41075880}.Debug|Any CPU.Build.0 = Debug|Any CPU
		{A5697910-84C3-4D9D-97A2-CC2E41075880}.Release|Any CPU.ActiveCfg = Release|Any CPU
		{A5697910-84C3-4D9D-97A2-CC2E41075880}.Release|Any CPU.Build.0 = Release|Any CPU
	EndGlobalSection
	GlobalSection(SolutionProperties) = preSolution
		HideSolutionNode = FALSE
	EndGlobalSection
	GlobalSection(ExtensibilityGlobals) = postSolution
		SolutionGuid = {9DB7E47B-F171-4AFC-8E95-31AFC9D4CED1}
	EndGlobalSection
EndGlobal
